
Microsoft Visual Studio Solution File, Format Version 12.00
# Visual Studio Version 16
VisualStudioVersion = 16.0.29503.13
MinimumVisualStudioVersion = 10.0.40219.1
Project("{8BC9CEB8-8B4A-11D0-8D11-00A0C91BC942}") = "SProLab10Var9", "SProLab10Var9.vcxproj", "{E4CA2556-D701-4696-89D3-5DA7862CBC11}"
EndProject
Global
	GlobalSection(SolutionConfigurationPlatforms) = preSolution
		Debug|x64 = Debug|x64
		Debug|x86 = Debug|x86
		Release|x64 = Release|x64
		Release|x86 = Release|x86
	EndGlobalSection
	GlobalSection(ProjectConfigurationPlatforms) = postSolution
		{E4CA2556-D701-4696-89D3-5DA7862CBC11}.Debug|x64.ActiveCfg = Debug|x64
		{E4CA2556-D701-4696-89D3-5DA7862CBC11}.Debug|x64.Build.0 = Debug|x64
		{E4CA2556-D701-4696-89D3-5DA7862CBC11}.Debug|x86.ActiveCfg = Debug|Win32
		{E4CA2556-D701-4696-89D3-5DA7862CBC11}.Debug|x86.Build.0 = Debug|Win32
		{E4CA2556-D701-4696-89D3-5DA7862CBC11}.Release|x64.ActiveCfg = Release|x64
		{E4CA2556-D701-4696-89D3-5DA7862CBC11}.Release|x64.Build.0 = Release|x64
		{E4CA2556-D701-4696-89D3-5DA7862CBC11}.Release|x86.ActiveCfg = Release|Win32
		{E4CA2556-D701-4696-89D3-5DA7862CBC11}.Release|x86.Build.0 = Release|Win32
	EndGlobalSection
	GlobalSection(SolutionProperties) = preSolution
		HideSolutionNode = FALSE
	EndGlobalSection
	GlobalSection(ExtensibilityGlobals) = postSolution
		SolutionGuid = {7CE718B7-325D-4A0A-9183-ABD22B6F52CD}
	EndGlobalSection
EndGlobal
